// !$*UTF8*$!
{
	archiveVersion = 1;
	classes = {
	};
	objectVersion = 77;
	objects = {

/* Begin PBXBuildFile section */
		0BC9C1B34968C9D37D2AC566 /* main.c in Sources */ = {isa = PBXBuildFile; fileRef = 11D0CBAE54274014ED30D8CC /* main.c */; };
		0CBBA8FF5EDAA1F5B5736835 /* TCPPortForwarder.swift in Sources */ = {isa = PBXBuildFile; fileRef = D872E56BAD09218EDACF6C1B /* TCPPortForwarder.swift */; };
		0E4C389093FF8967042D2641 /* gio-2.0.0.framework in Embed Frameworks */ = {isa = PBXBuildFile; fileRef = 24FD90058EA44DE8C6E30A3A /* gio-2.0.0.framework */; settings = {ATTRIBUTES = (CodeSignOnCopy, RemoveHeadersOnCopy, ); }; };
		15654EF61E6FC2498825FDC8 /* MachineRuntime.swift in Sources */ = {isa = PBXBuildFile; fileRef = A51018C6C120FAD79979FC93 /* MachineRuntime.swift */; };
		1CE3E7FC275EBFB5412D809C /* QEMUMachineDisplayView.swift in Sources */ = {isa = PBXBuildFile; fileRef = 267CD823610747CC49B50478 /* QEMUMachineDisplayView.swift */; };
		20592E04DFF0E019557F5845 /* SPICEMachineDisplayView.swift in Sources */ = {isa = PBXBuildFile; fileRef = 6568581FFFE96E82F58328EF /* SPICEMachineDisplayView.swift */; };
		2575262E16F9D1E22F79B878 /* gmodule-2.0.0.framework in Frameworks */ = {isa = PBXBuildFile; fileRef = DE21ECE968D0F962D0195CB0 /* gmodule-2.0.0.framework */; };
		298A3DDD97B053607FBD3645 /* qemu-x86_64-softmmu.framework in Frameworks */ = {isa = PBXBuildFile; fileRef = D1B9214B0414C7A737CBBA59 /* qemu-x86_64-softmmu.framework */; };
		30F7E88C65EEB86F5920F139 /* gstreamer-1.0.0.framework in Embed Frameworks */ = {isa = PBXBuildFile; fileRef = CAB202727DFBCCBA7B09171D /* gstreamer-1.0.0.framework */; settings = {ATTRIBUTES = (CodeSignOnCopy, RemoveHeadersOnCopy, ); }; };
		360FBD2E05C06C166E6A713A /* GStreamerPluginStubs.c in Sources */ = {isa = PBXBuildFile; fileRef = 11FDB6FCED4AAABE1E437746 /* GStreamerPluginStubs.c */; };
		3C1E9AA994561003422080B8 /* SettingsView.swift in Sources */ = {isa = PBXBuildFile; fileRef = 746AF525D76C096CB5EBCF74 /* SettingsView.swift */; };
		3C4541A3B7F8A3200C22824B /* gobject-2.0.0.framework in Frameworks */ = {isa = PBXBuildFile; fileRef = 821A198A1A52724AFFBB089D /* gobject-2.0.0.framework */; };
		3E7173A21AB2E6C3EC578B23 /* gobject-2.0.0.framework in Embed Frameworks */ = {isa = PBXBuildFile; fileRef = 821A198A1A52724AFFBB089D /* gobject-2.0.0.framework */; settings = {ATTRIBUTES = (CodeSignOnCopy, RemoveHeadersOnCopy, ); }; };
		47025215E00B48120D9A9380 /* glib-2.0.0.framework in Frameworks */ = {isa = PBXBuildFile; fileRef = 2E4EA8BB684DC4CE0C51CCB0 /* glib-2.0.0.framework */; };
		4AF129F41B1E019B4B2F193C /* gstreamer-1.0.0.framework in Frameworks */ = {isa = PBXBuildFile; fileRef = CAB202727DFBCCBA7B09171D /* gstreamer-1.0.0.framework */; };
		4D9938ECE002EE1709AA6262 /* gmodule-2.0.0.framework in Embed Frameworks */ = {isa = PBXBuildFile; fileRef = DE21ECE968D0F962D0195CB0 /* gmodule-2.0.0.framework */; settings = {ATTRIBUTES = (CodeSignOnCopy, RemoveHeadersOnCopy, ); }; };
		540F604F448222C219C101FC /* FilePicker.swift in Sources */ = {isa = PBXBuildFile; fileRef = DB18762CB489CBC5B9CAACFE /* FilePicker.swift */; };
		5697088CB571EF754255C317 /* CocoaSpiceNoUsb in Frameworks */ = {isa = PBXBuildFile; productRef = 793FE81581C6AD27F34E2119 /* CocoaSpiceNoUsb */; };
		5F8915C5582CD37861B19ACE /* NewMachineView.swift in Sources */ = {isa = PBXBuildFile; fileRef = 985115328A2DBD84F72F7B4C /* NewMachineView.swift */; };
		648C2BCE43058F50E43CC6DC /* glib-2.0.0.framework in Embed Frameworks */ = {isa = PBXBuildFile; fileRef = 2E4EA8BB684DC4CE0C51CCB0 /* glib-2.0.0.framework */; settings = {ATTRIBUTES = (CodeSignOnCopy, RemoveHeadersOnCopy, ); }; };
		658ADFE96F5C96B18AB2B905 /* RootView.swift in Sources */ = {isa = PBXBuildFile; fileRef = 7F6CF288BE530F5F2AFC2AEC /* RootView.swift */; };
		6B49807EED647873B2D4CA56 /* SidebarView.swift in Sources */ = {isa = PBXBuildFile; fileRef = AE17FB588BAFBDE890297ECF /* SidebarView.swift */; };
		6B86D7566374617B23B05B88 /* KarabinerInputBridge.swift in Sources */ = {isa = PBXBuildFile; fileRef = E0ADC12DEFE4931F54E578EC /* KarabinerInputBridge.swift */; };
		6D249565112071C21699D4AE /* spice-client-glib-2.0.8.framework in Embed Frameworks */ = {isa = PBXBuildFile; fileRef = 6E9820C6519C87545CEB5A62 /* spice-client-glib-2.0.8.framework */; settings = {ATTRIBUTES = (CodeSignOnCopy, RemoveHeadersOnCopy, ); }; };
		7888B06DC66F25ED5F833C59 /* AppModel.swift in Sources */ = {isa = PBXBuildFile; fileRef = E5C74D1D84F26328E4E21CA4 /* AppModel.swift */; };
		7E411FE748C58D183A072BC1 /* MachineDisplayView.swift in Sources */ = {isa = PBXBuildFile; fileRef = 86F6149CE1A73CC0B812B1CE /* MachineDisplayView.swift */; };
		7E88D0C59A465FCC3923B464 /* spice-client-glib-2.0.8.framework in Frameworks */ = {isa = PBXBuildFile; fileRef = 6E9820C6519C87545CEB5A62 /* spice-client-glib-2.0.8.framework */; };
		813E606F254FE1337BEBA76D /* ImmersiveInputCapture.swift in Sources */ = {isa = PBXBuildFile; fileRef = 0978157F9E13C59E91E0BF2F /* ImmersiveInputCapture.swift */; };
		A04BC5D803484483321046C3 /* Assets.xcassets in Resources */ = {isa = PBXBuildFile; fileRef = D3C57FAEE82D92275B30667B /* Assets.xcassets */; };
		A1D441994B601F267BFD24EE /* AppLifecycleDelegate.swift in Sources */ = {isa = PBXBuildFile; fileRef = 1F28839F625F13DFFBF555EC /* AppLifecycleDelegate.swift */; };
		A24AB58487D28B09DD450DCC /* LibraryView.swift in Sources */ = {isa = PBXBuildFile; fileRef = BD2FBB02FB71E409A7D821C2 /* LibraryView.swift */; };
		A59D789DF86E4DB11A121332 /* KeyboardMappingSettings.swift in Sources */ = {isa = PBXBuildFile; fileRef = A118B3525D21D3B293C0492A /* KeyboardMappingSettings.swift */; };
		A84556531E6AA0C83BF90944 /* LoopbackPortAllocator.swift in Sources */ = {isa = PBXBuildFile; fileRef = C7EEECC9AF70ED42593B51C7 /* LoopbackPortAllocator.swift */; };
		AF2DF78A26F795AE3580E341 /* LaunchTests.swift in Sources */ = {isa = PBXBuildFile; fileRef = AE0DCB98047E5FF0D5E7B40D /* LaunchTests.swift */; };
		B01AAA137DEC36F98DB948A3 /* SimpleVMCore in Frameworks */ = {isa = PBXBuildFile; productRef = 8B4DA1DDD021526302779E3B /* SimpleVMCore */; };
		BDB9E93688AB2349F1E1C73B /* SimpleVMCore in Frameworks */ = {isa = PBXBuildFile; productRef = 4431965DBEACBD8427BF0413 /* SimpleVMCore */; };
		CA35A66CE7597FE74FC55417 /* QEMUMachineRuntime.swift in Sources */ = {isa = PBXBuildFile; fileRef = 7584A6E0368D9AA54B787B85 /* QEMUMachineRuntime.swift */; };
		E42B12C82D5D53828403D4CE /* ImmersionController.swift in Sources */ = {isa = PBXBuildFile; fileRef = 980C0CC18CAC585118FDBC68 /* ImmersionController.swift */; };
		E65C5B0273A8A2DD186DBD72 /* SPICEConnectionController.swift in Sources */ = {isa = PBXBuildFile; fileRef = 96503BBDA44669BFF9BA596C /* SPICEConnectionController.swift */; };
		E85D6235650454CD47E7001A /* FoundationTests.swift in Sources */ = {isa = PBXBuildFile; fileRef = 1D904C8CFEF1E135E5D9855F /* FoundationTests.swift */; };
		E8B894E2D7B66328ADF0CFEC /* gio-2.0.0.framework in Frameworks */ = {isa = PBXBuildFile; fileRef = 24FD90058EA44DE8C6E30A3A /* gio-2.0.0.framework */; };
		E8D9AEFFE6C0A80C1760B40B /* MachineEmptyView.swift in Sources */ = {isa = PBXBuildFile; fileRef = A4508913A70A87CB5FF6A730 /* MachineEmptyView.swift */; };
		EFB927F13064A5117DF1E5C9 /* AppleGuestAgentTransport.swift in Sources */ = {isa = PBXBuildFile; fileRef = B84B5C8E69ADAD9771588F5A /* AppleGuestAgentTransport.swift */; };
		F169E7A02042CFE4DC3E2457 /* SimpleVMApp.swift in Sources */ = {isa = PBXBuildFile; fileRef = 196CF9291A01A3300651A1F1 /* SimpleVMApp.swift */; };
		FA112881CC9C514074BFC9B2 /* MachineDetailView.swift in Sources */ = {isa = PBXBuildFile; fileRef = 5A1CB140D317CF0248162C45 /* MachineDetailView.swift */; };
		FDA1CA6F16E63B81D335ECAD /* UTMQEMULauncher in Resources */ = {isa = PBXBuildFile; fileRef = F654F0BC4E0BE5F292B939D3 /* UTMQEMULauncher */; settings = {ATTRIBUTES = (RemoveHeadersOnCopy, ); }; };
/* End PBXBuildFile section */

/* Begin PBXContainerItemProxy section */
		7FC5EBD7E085944B3CA87B16 /* PBXContainerItemProxy */ = {
			isa = PBXContainerItemProxy;
			containerPortal = 65171F2FEA33339691B6818A /* Project object */;
			proxyType = 1;
			remoteGlobalIDString = 15B058062B1F990F3AD3CDAA;
			remoteInfo = SimpleVM;
		};
		A62920906D585FC7433CED43 /* PBXContainerItemProxy */ = {
			isa = PBXContainerItemProxy;
			containerPortal = 65171F2FEA33339691B6818A /* Project object */;
			proxyType = 1;
			remoteGlobalIDString = C8B48B3F90729BCCC7F63533;
			remoteInfo = UTMQEMULauncher;
		};
		BD09EA73C9B0C047060C5D88 /* PBXContainerItemProxy */ = {
			isa = PBXContainerItemProxy;
			containerPortal = 65171F2FEA33339691B6818A /* Project object */;
			proxyType = 1;
			remoteGlobalIDString = 15B058062B1F990F3AD3CDAA;
			remoteInfo = SimpleVM;
		};
/* End PBXContainerItemProxy section */

/* Begin PBXCopyFilesBuildPhase section */
		883B06E567EAA6054DCD288E /* Embed Frameworks */ = {
			isa = PBXCopyFilesBuildPhase;
			buildActionMask = 2147483647;
			dstPath = "";
			dstSubfolderSpec = 10;
			files = (
				648C2BCE43058F50E43CC6DC /* glib-2.0.0.framework in Embed Frameworks */,
				3E7173A21AB2E6C3EC578B23 /* gobject-2.0.0.framework in Embed Frameworks */,
				0E4C389093FF8967042D2641 /* gio-2.0.0.framework in Embed Frameworks */,
				4D9938ECE002EE1709AA6262 /* gmodule-2.0.0.framework in Embed Frameworks */,
				30F7E88C65EEB86F5920F139 /* gstreamer-1.0.0.framework in Embed Frameworks */,
				6D249565112071C21699D4AE /* spice-client-glib-2.0.8.framework in Embed Frameworks */,
			);
			name = "Embed Frameworks";
			runOnlyForDeploymentPostprocessing = 0;
		};
/* End PBXCopyFilesBuildPhase section */

/* Begin PBXFileReference section */
		050F6FB12EE8757A9A3DF6AA /* SimpleVMCore */ = {isa = PBXFileReference; lastKnownFileType = folder; name = SimpleVMCore; path = Packages/SimpleVMCore; sourceTree = SOURCE_ROOT; };
		0978157F9E13C59E91E0BF2F /* ImmersiveInputCapture.swift */ = {isa = PBXFileReference; lastKnownFileType = sourcecode.swift; path = ImmersiveInputCapture.swift; sourceTree = "<group>"; };
		11D0CBAE54274014ED30D8CC /* main.c */ = {isa = PBXFileReference; lastKnownFileType = sourcecode.c.c; path = main.c; sourceTree = "<group>"; };
		11FDB6FCED4AAABE1E437746 /* GStreamerPluginStubs.c */ = {isa = PBXFileReference; lastKnownFileType = sourcecode.c.c; path = GStreamerPluginStubs.c; sourceTree = "<group>"; };
		192761E63ECE83BF88D5A3B7 /* CocoaSpice */ = {isa = PBXFileReference; lastKnownFileType = folder; name = CocoaSpice; path = Packages/CocoaSpice; sourceTree = SOURCE_ROOT; };
		196CF9291A01A3300651A1F1 /* SimpleVMApp.swift */ = {isa = PBXFileReference; lastKnownFileType = sourcecode.swift; path = SimpleVMApp.swift; sourceTree = "<group>"; };
		1D904C8CFEF1E135E5D9855F /* FoundationTests.swift */ = {isa = PBXFileReference; lastKnownFileType = sourcecode.swift; path = FoundationTests.swift; sourceTree = "<group>"; };
		1F28839F625F13DFFBF555EC /* AppLifecycleDelegate.swift */ = {isa = PBXFileReference; lastKnownFileType = sourcecode.swift; path = AppLifecycleDelegate.swift; sourceTree = "<group>"; };
		24FD90058EA44DE8C6E30A3A /* gio-2.0.0.framework */ = {isa = PBXFileReference; lastKnownFileType = wrapper.framework; name = "gio-2.0.0.framework"; path = "../../../../../Applications/UTM.app/Contents/Frameworks/gio-2.0.0.framework"; sourceTree = "<group>"; };
		267CD823610747CC49B50478 /* QEMUMachineDisplayView.swift */ = {isa = PBXFileReference; lastKnownFileType = sourcecode.swift; path = QEMUMachineDisplayView.swift; sourceTree = "<group>"; };
		2E4EA8BB684DC4CE0C51CCB0 /* glib-2.0.0.framework */ = {isa = PBXFileReference; lastKnownFileType = wrapper.framework; name = "glib-2.0.0.framework"; path = "../../../../../Applications/UTM.app/Contents/Frameworks/glib-2.0.0.framework"; sourceTree = "<group>"; };
		5A1CB140D317CF0248162C45 /* MachineDetailView.swift */ = {isa = PBXFileReference; lastKnownFileType = sourcecode.swift; path = MachineDetailView.swift; sourceTree = "<group>"; };
		6568581FFFE96E82F58328EF /* SPICEMachineDisplayView.swift */ = {isa = PBXFileReference; lastKnownFileType = sourcecode.swift; path = SPICEMachineDisplayView.swift; sourceTree = "<group>"; };
		6E9820C6519C87545CEB5A62 /* spice-client-glib-2.0.8.framework */ = {isa = PBXFileReference; lastKnownFileType = wrapper.framework; name = "spice-client-glib-2.0.8.framework"; path = "../../../../../Applications/UTM.app/Contents/Frameworks/spice-client-glib-2.0.8.framework"; sourceTree = "<group>"; };
		746AF525D76C096CB5EBCF74 /* SettingsView.swift */ = {isa = PBXFileReference; lastKnownFileType = sourcecode.swift; path = SettingsView.swift; sourceTree = "<group>"; };
		7584A6E0368D9AA54B787B85 /* QEMUMachineRuntime.swift */ = {isa = PBXFileReference; lastKnownFileType = sourcecode.swift; path = QEMUMachineRuntime.swift; sourceTree = "<group>"; };
		7F6CF288BE530F5F2AFC2AEC /* RootView.swift */ = {isa = PBXFileReference; lastKnownFileType = sourcecode.swift; path = RootView.swift; sourceTree = "<group>"; };
		821A198A1A52724AFFBB089D /* gobject-2.0.0.framework */ = {isa = PBXFileReference; lastKnownFileType = wrapper.framework; name = "gobject-2.0.0.framework"; path = "../../../../../Applications/UTM.app/Contents/Frameworks/gobject-2.0.0.framework"; sourceTree = "<group>"; };
		86F6149CE1A73CC0B812B1CE /* MachineDisplayView.swift */ = {isa = PBXFileReference; lastKnownFileType = sourcecode.swift; path = MachineDisplayView.swift; sourceTree = "<group>"; };
		8772888F8FF4E4B68580A3A3 /* SimpleVM.app */ = {isa = PBXFileReference; explicitFileType = wrapper.application; includeInIndex = 0; path = SimpleVM.app; sourceTree = BUILT_PRODUCTS_DIR; };
		96503BBDA44669BFF9BA596C /* SPICEConnectionController.swift */ = {isa = PBXFileReference; lastKnownFileType = sourcecode.swift; path = SPICEConnectionController.swift; sourceTree = "<group>"; };
		980C0CC18CAC585118FDBC68 /* ImmersionController.swift */ = {isa = PBXFileReference; lastKnownFileType = sourcecode.swift; path = ImmersionController.swift; sourceTree = "<group>"; };
		985115328A2DBD84F72F7B4C /* NewMachineView.swift */ = {isa = PBXFileReference; lastKnownFileType = sourcecode.swift; path = NewMachineView.swift; sourceTree = "<group>"; };
		A118B3525D21D3B293C0492A /* KeyboardMappingSettings.swift */ = {isa = PBXFileReference; lastKnownFileType = sourcecode.swift; path = KeyboardMappingSettings.swift; sourceTree = "<group>"; };
		A4508913A70A87CB5FF6A730 /* MachineEmptyView.swift */ = {isa = PBXFileReference; lastKnownFileType = sourcecode.swift; path = MachineEmptyView.swift; sourceTree = "<group>"; };
		A51018C6C120FAD79979FC93 /* MachineRuntime.swift */ = {isa = PBXFileReference; lastKnownFileType = sourcecode.swift; path = MachineRuntime.swift; sourceTree = "<group>"; };
		AE0DCB98047E5FF0D5E7B40D /* LaunchTests.swift */ = {isa = PBXFileReference; lastKnownFileType = sourcecode.swift; path = LaunchTests.swift; sourceTree = "<group>"; };
		AE17FB588BAFBDE890297ECF /* SidebarView.swift */ = {isa = PBXFileReference; lastKnownFileType = sourcecode.swift; path = SidebarView.swift; sourceTree = "<group>"; };
		B84B5C8E69ADAD9771588F5A /* AppleGuestAgentTransport.swift */ = {isa = PBXFileReference; lastKnownFileType = sourcecode.swift; path = AppleGuestAgentTransport.swift; sourceTree = "<group>"; };
		BD2FBB02FB71E409A7D821C2 /* LibraryView.swift */ = {isa = PBXFileReference; lastKnownFileType = sourcecode.swift; path = LibraryView.swift; sourceTree = "<group>"; };
		C7EEECC9AF70ED42593B51C7 /* LoopbackPortAllocator.swift */ = {isa = PBXFileReference; lastKnownFileType = sourcecode.swift; path = LoopbackPortAllocator.swift; sourceTree = "<group>"; };
		CAB202727DFBCCBA7B09171D /* gstreamer-1.0.0.framework */ = {isa = PBXFileReference; lastKnownFileType = wrapper.framework; name = "gstreamer-1.0.0.framework"; path = "../../../../../Applications/UTM.app/Contents/Frameworks/gstreamer-1.0.0.framework"; sourceTree = "<group>"; };
		D1B9214B0414C7A737CBBA59 /* qemu-x86_64-softmmu.framework */ = {isa = PBXFileReference; lastKnownFileType = wrapper.framework; name = "qemu-x86_64-softmmu.framework"; path = "../../../../../Applications/UTM.app/Contents/Frameworks/qemu-x86_64-softmmu.framework"; sourceTree = "<group>"; };
		D3C57FAEE82D92275B30667B /* Assets.xcassets */ = {isa = PBXFileReference; lastKnownFileType = folder.assetcatalog; path = Assets.xcassets; sourceTree = "<group>"; };
		D505BA5F4159F9F9F8AA155E /* SimpleVMAppTests.xctest */ = {isa = PBXFileReference; explicitFileType = wrapper.cfbundle; includeInIndex = 0; path = SimpleVMAppTests.xctest; sourceTree = BUILT_PRODUCTS_DIR; };
		D640994605252415E8310D95 /* SimpleVMUITests.xctest */ = {isa = PBXFileReference; explicitFileType = wrapper.cfbundle; includeInIndex = 0; path = SimpleVMUITests.xctest; sourceTree = BUILT_PRODUCTS_DIR; };
		D872E56BAD09218EDACF6C1B /* TCPPortForwarder.swift */ = {isa = PBXFileReference; lastKnownFileType = sourcecode.swift; path = TCPPortForwarder.swift; sourceTree = "<group>"; };
		DB18762CB489CBC5B9CAACFE /* FilePicker.swift */ = {isa = PBXFileReference; lastKnownFileType = sourcecode.swift; path = FilePicker.swift; sourceTree = "<group>"; };
		DE21ECE968D0F962D0195CB0 /* gmodule-2.0.0.framework */ = {isa = PBXFileReference; lastKnownFileType = wrapper.framework; name = "gmodule-2.0.0.framework"; path = "../../../../../Applications/UTM.app/Contents/Frameworks/gmodule-2.0.0.framework"; sourceTree = "<group>"; };
		E0ADC12DEFE4931F54E578EC /* KarabinerInputBridge.swift */ = {isa = PBXFileReference; lastKnownFileType = sourcecode.swift; path = KarabinerInputBridge.swift; sourceTree = "<group>"; };
		E5C74D1D84F26328E4E21CA4 /* AppModel.swift */ = {isa = PBXFileReference; lastKnownFileType = sourcecode.swift; path = AppModel.swift; sourceTree = "<group>"; };
		F654F0BC4E0BE5F292B939D3 /* UTMQEMULauncher */ = {isa = PBXFileReference; includeInIndex = 0; path = UTMQEMULauncher; sourceTree = BUILT_PRODUCTS_DIR; };
/* End PBXFileReference section */

/* Begin PBXFrameworksBuildPhase section */
		81A3022583A12E96133FAB53 /* Frameworks */ = {
			isa = PBXFrameworksBuildPhase;
			buildActionMask = 2147483647;
			files = (
				B01AAA137DEC36F98DB948A3 /* SimpleVMCore in Frameworks */,
				5697088CB571EF754255C317 /* CocoaSpiceNoUsb in Frameworks */,
				47025215E00B48120D9A9380 /* glib-2.0.0.framework in Frameworks */,
				3C4541A3B7F8A3200C22824B /* gobject-2.0.0.framework in Frameworks */,
				E8B894E2D7B66328ADF0CFEC /* gio-2.0.0.framework in Frameworks */,
				2575262E16F9D1E22F79B878 /* gmodule-2.0.0.framework in Frameworks */,
				4AF129F41B1E019B4B2F193C /* gstreamer-1.0.0.framework in Frameworks */,
				7E88D0C59A465FCC3923B464 /* spice-client-glib-2.0.8.framework in Frameworks */,
			);
			runOnlyForDeploymentPostprocessing = 0;
		};
		C5B1B48E8565F71271EC8011 /* Frameworks */ = {
			isa = PBXFrameworksBuildPhase;
			buildActionMask = 2147483647;
			files = (
				BDB9E93688AB2349F1E1C73B /* SimpleVMCore in Frameworks */,
			);
			runOnlyForDeploymentPostprocessing = 0;
		};
		CB7752670AF647BA07548109 /* Frameworks */ = {
			isa = PBXFrameworksBuildPhase;
			buildActionMask = 2147483647;
			files = (
				298A3DDD97B053607FBD3645 /* qemu-x86_64-softmmu.framework in Frameworks */,
			);
			runOnlyForDeploymentPostprocessing = 0;
		};
/* End PBXFrameworksBuildPhase section */

/* Begin PBXGroup section */
		09671AEA7143CC4A8B0BA7ED /* SimpleVMUITests */ = {
			isa = PBXGroup;
			children = (
				AE0DCB98047E5FF0D5E7B40D /* LaunchTests.swift */,
			);
			path = SimpleVMUITests;
			sourceTree = "<group>";
		};
		0CC93D481C2E158AFB739F0B /* Products */ = {
			isa = PBXGroup;
			children = (
				8772888F8FF4E4B68580A3A3 /* SimpleVM.app */,
				D505BA5F4159F9F9F8AA155E /* SimpleVMAppTests.xctest */,
				D640994605252415E8310D95 /* SimpleVMUITests.xctest */,
				F654F0BC4E0BE5F292B939D3 /* UTMQEMULauncher */,
			);
			name = Products;
			sourceTree = "<group>";
		};
		10976146E74EBD19D9BEB061 /* Machines */ = {
			isa = PBXGroup;
			children = (
				5A1CB140D317CF0248162C45 /* MachineDetailView.swift */,
				A4508913A70A87CB5FF6A730 /* MachineEmptyView.swift */,
				985115328A2DBD84F72F7B4C /* NewMachineView.swift */,
				AE17FB588BAFBDE890297ECF /* SidebarView.swift */,
			);
			path = Machines;
			sourceTree = "<group>";
		};
		227FE4D072D88E4E77B1FE95 /* Application */ = {
			isa = PBXGroup;
			children = (
				1F28839F625F13DFFBF555EC /* AppLifecycleDelegate.swift */,
				E5C74D1D84F26328E4E21CA4 /* AppModel.swift */,
				DB18762CB489CBC5B9CAACFE /* FilePicker.swift */,
				980C0CC18CAC585118FDBC68 /* ImmersionController.swift */,
				7F6CF288BE530F5F2AFC2AEC /* RootView.swift */,
			);
			path = Application;
			sourceTree = "<group>";
		};
		3C4F34143BAC484D99CE59C3 /* Features */ = {
			isa = PBXGroup;
			children = (
				B5A681114F8563D8B335E56F /* Library */,
				10976146E74EBD19D9BEB061 /* Machines */,
				41393C4A6FED66F2290A2FDB /* Settings */,
			);
			path = Features;
			sourceTree = "<group>";
		};
		41393C4A6FED66F2290A2FDB /* Settings */ = {
			isa = PBXGroup;
			children = (
				746AF525D76C096CB5EBCF74 /* SettingsView.swift */,
			);
			path = Settings;
			sourceTree = "<group>";
		};
		5CD6585B764A3E70245EA819 /* Tools */ = {
			isa = PBXGroup;
			children = (
				9E284D060C9950C1709F9368 /* UTMQEMULauncher */,
			);
			path = Tools;
			sourceTree = "<group>";
		};
		71A5A7330EFC6FD8442193D8 /* Networking */ = {
			isa = PBXGroup;
			children = (
				D872E56BAD09218EDACF6C1B /* TCPPortForwarder.swift */,
			);
			path = Networking;
			sourceTree = "<group>";
		};
		8B22C940DED2906A5BE63CAC /* Display */ = {
			isa = PBXGroup;
			children = (
				11FDB6FCED4AAABE1E437746 /* GStreamerPluginStubs.c */,
				86F6149CE1A73CC0B812B1CE /* MachineDisplayView.swift */,
				267CD823610747CC49B50478 /* QEMUMachineDisplayView.swift */,
				6568581FFFE96E82F58328EF /* SPICEMachineDisplayView.swift */,
			);
			path = Display;
			sourceTree = "<group>";
		};
		9BC60EB0B6AD02A2BA3C09E2 /* Virtualization */ = {
			isa = PBXGroup;
			children = (
				B84B5C8E69ADAD9771588F5A /* AppleGuestAgentTransport.swift */,
				C7EEECC9AF70ED42593B51C7 /* LoopbackPortAllocator.swift */,
				A51018C6C120FAD79979FC93 /* MachineRuntime.swift */,
				7584A6E0368D9AA54B787B85 /* QEMUMachineRuntime.swift */,
				96503BBDA44669BFF9BA596C /* SPICEConnectionController.swift */,
			);
			path = Virtualization;
			sourceTree = "<group>";
		};
		9E284D060C9950C1709F9368 /* UTMQEMULauncher */ = {
			isa = PBXGroup;
			children = (
				11D0CBAE54274014ED30D8CC /* main.c */,
			);
			path = UTMQEMULauncher;
			sourceTree = "<group>";
		};
		A55C4126CDA6BDF2CC56A622 = {
			isa = PBXGroup;
			children = (
				C643AB1A1F9584BD0F08BE37 /* Packages */,
				F42FF3EFF274E98119AE349D /* Resources */,
				DC5EA99895D5099849B09488 /* SimpleVMApp */,
				DAFCED96846BFFFD491B48C6 /* SimpleVMAppTests */,
				09671AEA7143CC4A8B0BA7ED /* SimpleVMUITests */,
				5CD6585B764A3E70245EA819 /* Tools */,
				BED46E7D5BC908935A82C931 /* Frameworks */,
				0CC93D481C2E158AFB739F0B /* Products */,
			);
			sourceTree = "<group>";
		};
		B5A681114F8563D8B335E56F /* Library */ = {
			isa = PBXGroup;
			children = (
				BD2FBB02FB71E409A7D821C2 /* LibraryView.swift */,
			);
			path = Library;
			sourceTree = "<group>";
		};
		BED46E7D5BC908935A82C931 /* Frameworks */ = {
			isa = PBXGroup;
			children = (
				24FD90058EA44DE8C6E30A3A /* gio-2.0.0.framework */,
				2E4EA8BB684DC4CE0C51CCB0 /* glib-2.0.0.framework */,
				DE21ECE968D0F962D0195CB0 /* gmodule-2.0.0.framework */,
				821A198A1A52724AFFBB089D /* gobject-2.0.0.framework */,
				CAB202727DFBCCBA7B09171D /* gstreamer-1.0.0.framework */,
				D1B9214B0414C7A737CBBA59 /* qemu-x86_64-softmmu.framework */,
				6E9820C6519C87545CEB5A62 /* spice-client-glib-2.0.8.framework */,
			);
			name = Frameworks;
			sourceTree = "<group>";
		};
		C643AB1A1F9584BD0F08BE37 /* Packages */ = {
			isa = PBXGroup;
			children = (
				192761E63ECE83BF88D5A3B7 /* CocoaSpice */,
				050F6FB12EE8757A9A3DF6AA /* SimpleVMCore */,
			);
			path = Packages;
			sourceTree = "<group>";
		};
		DAFCED96846BFFFD491B48C6 /* SimpleVMAppTests */ = {
			isa = PBXGroup;
			children = (
				1D904C8CFEF1E135E5D9855F /* FoundationTests.swift */,
			);
			path = SimpleVMAppTests;
			sourceTree = "<group>";
		};
		DC5EA99895D5099849B09488 /* SimpleVMApp */ = {
			isa = PBXGroup;
			children = (
				196CF9291A01A3300651A1F1 /* SimpleVMApp.swift */,
				227FE4D072D88E4E77B1FE95 /* Application */,
				8B22C940DED2906A5BE63CAC /* Display */,
				3C4F34143BAC484D99CE59C3 /* Features */,
				E122DAAB01C47BE399A87297 /* Input */,
				71A5A7330EFC6FD8442193D8 /* Networking */,
				9BC60EB0B6AD02A2BA3C09E2 /* Virtualization */,
			);
			path = SimpleVMApp;
			sourceTree = "<group>";
		};
		E122DAAB01C47BE399A87297 /* Input */ = {
			isa = PBXGroup;
			children = (
				0978157F9E13C59E91E0BF2F /* ImmersiveInputCapture.swift */,
				E0ADC12DEFE4931F54E578EC /* KarabinerInputBridge.swift */,
				A118B3525D21D3B293C0492A /* KeyboardMappingSettings.swift */,
			);
			path = Input;
			sourceTree = "<group>";
		};
		F42FF3EFF274E98119AE349D /* Resources */ = {
			isa = PBXGroup;
			children = (
				D3C57FAEE82D92275B30667B /* Assets.xcassets */,
			);
			path = Resources;
			sourceTree = "<group>";
		};
/* End PBXGroup section */

/* Begin PBXNativeTarget section */
		15B058062B1F990F3AD3CDAA /* SimpleVM */ = {
			isa = PBXNativeTarget;
			buildConfigurationList = E0292BABED08800ECC1A109F /* Build configuration list for PBXNativeTarget "SimpleVM" */;
			buildPhases = (
				D151D8EF8003D0244E26BB40 /* Sources */,
				F22D460AAD818851A052F754 /* Resources */,
				81A3022583A12E96133FAB53 /* Frameworks */,
				883B06E567EAA6054DCD288E /* Embed Frameworks */,
				518784308B56C62EDACDF894 /* Embed UTM QEMU launcher */,
			);
			buildRules = (
			);
			dependencies = (
				B93D4D78C5485E76ABE67BD5 /* PBXTargetDependency */,
			);
			name = SimpleVM;
			packageProductDependencies = (
				8B4DA1DDD021526302779E3B /* SimpleVMCore */,
				793FE81581C6AD27F34E2119 /* CocoaSpiceNoUsb */,
			);
			productName = SimpleVM;
			productReference = 8772888F8FF4E4B68580A3A3 /* SimpleVM.app */;
			productType = "com.apple.product-type.application";
		};
		42B1249D2D1C9A722832BF3A /* SimpleVMUITests */ = {
			isa = PBXNativeTarget;
			buildConfigurationList = 7EBDC52C60279185D15D7A7C /* Build configuration list for PBXNativeTarget "SimpleVMUITests" */;
			buildPhases = (
				2896D0A5A1EAA9332665882D /* Sources */,
			);
			buildRules = (
			);
			dependencies = (
				17639031667EE205AFC9C179 /* PBXTargetDependency */,
			);
			name = SimpleVMUITests;
			packageProductDependencies = (
			);
			productName = SimpleVMUITests;
			productReference = D640994605252415E8310D95 /* SimpleVMUITests.xctest */;
			productType = "com.apple.product-type.bundle.ui-testing";
		};
		AE8812DB934A0C1D0AF8CC26 /* SimpleVMAppTests */ = {
			isa = PBXNativeTarget;
			buildConfigurationList = 2193766A75C552FC4D84DBF4 /* Build configuration list for PBXNativeTarget "SimpleVMAppTests" */;
			buildPhases = (
				362873EB955DC93BE0141CD3 /* Sources */,
				C5B1B48E8565F71271EC8011 /* Frameworks */,
			);
			buildRules = (
			);
			dependencies = (
				C3ED4604E6DCFB097AEFB383 /* PBXTargetDependency */,
			);
			name = SimpleVMAppTests;
			packageProductDependencies = (
				4431965DBEACBD8427BF0413 /* SimpleVMCore */,
			);
			productName = SimpleVMAppTests;
			productReference = D505BA5F4159F9F9F8AA155E /* SimpleVMAppTests.xctest */;
			productType = "com.apple.product-type.bundle.unit-test";
		};
		C8B48B3F90729BCCC7F63533 /* UTMQEMULauncher */ = {
			isa = PBXNativeTarget;
			buildConfigurationList = F67271C30D5B2122C3DB2B18 /* Build configuration list for PBXNativeTarget "UTMQEMULauncher" */;
			buildPhases = (
				A42F16253FED624052CEDDFF /* Sources */,
				CB7752670AF647BA07548109 /* Frameworks */,
			);
			buildRules = (
			);
			dependencies = (
			);
			name = UTMQEMULauncher;
			packageProductDependencies = (
			);
			productName = UTMQEMULauncher;
			productReference = F654F0BC4E0BE5F292B939D3 /* UTMQEMULauncher */;
			productType = "com.apple.product-type.tool";
		};
/* End PBXNativeTarget section */

/* Begin PBXProject section */
		65171F2FEA33339691B6818A /* Project object */ = {
			isa = PBXProject;
			attributes = {
				BuildIndependentTargetsInParallel = YES;
				LastUpgradeCheck = 1430;
				TargetAttributes = {
					15B058062B1F990F3AD3CDAA = {
						DevelopmentTeam = C8Y523R7T5;
						ProvisioningStyle = Automatic;
					};
					42B1249D2D1C9A722832BF3A = {
						DevelopmentTeam = C8Y523R7T5;
						ProvisioningStyle = Automatic;
						TestTargetID = 15B058062B1F990F3AD3CDAA;
					};
					AE8812DB934A0C1D0AF8CC26 = {
						DevelopmentTeam = C8Y523R7T5;
						ProvisioningStyle = Automatic;
					};
					C8B48B3F90729BCCC7F63533 = {
						DevelopmentTeam = C8Y523R7T5;
						ProvisioningStyle = Automatic;
					};
				};
			};
			buildConfigurationList = 09411CC0C4760CEF89D69257 /* Build configuration list for PBXProject "SimpleVM" */;
			developmentRegion = en;
			hasScannedForEncodings = 0;
			knownRegions = (
				Base,
				en,
			);
			mainGroup = A55C4126CDA6BDF2CC56A622;
			minimizedProjectReferenceProxies = 1;
			packageReferences = (
				F605FE031321EDE79D542E0A /* XCLocalSwiftPackageReference "Packages/CocoaSpice" */,
				01CC36DFFFEF60387F0D43E1 /* XCLocalSwiftPackageReference "Packages/SimpleVMCore" */,
			);
			preferredProjectObjectVersion = 77;
			productRefGroup = 0CC93D481C2E158AFB739F0B /* Products */;
			projectDirPath = "";
			projectRoot = "";
			targets = (
				15B058062B1F990F3AD3CDAA /* SimpleVM */,
				C8B48B3F90729BCCC7F63533 /* UTMQEMULauncher */,
				AE8812DB934A0C1D0AF8CC26 /* SimpleVMAppTests */,
				42B1249D2D1C9A722832BF3A /* SimpleVMUITests */,
			);
		};
/* End PBXProject section */

/* Begin PBXResourcesBuildPhase section */
		F22D460AAD818851A052F754 /* Resources */ = {
			isa = PBXResourcesBuildPhase;
			buildActionMask = 2147483647;
			files = (
				A04BC5D803484483321046C3 /* Assets.xcassets in Resources */,
				FDA1CA6F16E63B81D335ECAD /* UTMQEMULauncher in Resources */,
			);
			runOnlyForDeploymentPostprocessing = 0;
		};
/* End PBXResourcesBuildPhase section */

/* Begin PBXShellScriptBuildPhase section */
		518784308B56C62EDACDF894 /* Embed UTM QEMU launcher */ = {
			isa = PBXShellScriptBuildPhase;
			buildActionMask = 2147483647;
			files = (
			);
			inputFileListPaths = (
			);
			inputPaths = (
				"$(BUILT_PRODUCTS_DIR)/UTMQEMULauncher",
			);
			name = "Embed UTM QEMU launcher";
			outputFileListPaths = (
			);
			outputPaths = (
				"$(TARGET_BUILD_DIR)/$(CONTENTS_FOLDER_PATH)/Helpers/UTMQEMULauncher",
			);
			runOnlyForDeploymentPostprocessing = 0;
			shellPath = /bin/sh;
			shellScript = "mkdir -p \"$TARGET_BUILD_DIR/$CONTENTS_FOLDER_PATH/Helpers\"\ncp \"$BUILT_PRODUCTS_DIR/UTMQEMULauncher\" \\\n  \"$TARGET_BUILD_DIR/$CONTENTS_FOLDER_PATH/Helpers/UTMQEMULauncher\"\n";
		};
/* End PBXShellScriptBuildPhase section */

/* Begin PBXSourcesBuildPhase section */
		2896D0A5A1EAA9332665882D /* Sources */ = {
			isa = PBXSourcesBuildPhase;
			buildActionMask = 2147483647;
			files = (
				AF2DF78A26F795AE3580E341 /* LaunchTests.swift in Sources */,
			);
			runOnlyForDeploymentPostprocessing = 0;
		};
		362873EB955DC93BE0141CD3 /* Sources */ = {
			isa = PBXSourcesBuildPhase;
			buildActionMask = 2147483647;
			files = (
				E85D6235650454CD47E7001A /* FoundationTests.swift in Sources */,
			);
			runOnlyForDeploymentPostprocessing = 0;
		};
		A42F16253FED624052CEDDFF /* Sources */ = {
			isa = PBXSourcesBuildPhase;
			buildActionMask = 2147483647;
			files = (
				0BC9C1B34968C9D37D2AC566 /* main.c in Sources */,
			);
			runOnlyForDeploymentPostprocessing = 0;
		};
		D151D8EF8003D0244E26BB40 /* Sources */ = {
			isa = PBXSourcesBuildPhase;
			buildActionMask = 2147483647;
			files = (
				A1D441994B601F267BFD24EE /* AppLifecycleDelegate.swift in Sources */,
				7888B06DC66F25ED5F833C59 /* AppModel.swift in Sources */,
				EFB927F13064A5117DF1E5C9 /* AppleGuestAgentTransport.swift in Sources */,
				540F604F448222C219C101FC /* FilePicker.swift in Sources */,
				360FBD2E05C06C166E6A713A /* GStreamerPluginStubs.c in Sources */,
				E42B12C82D5D53828403D4CE /* ImmersionController.swift in Sources */,
				813E606F254FE1337BEBA76D /* ImmersiveInputCapture.swift in Sources */,
				6B86D7566374617B23B05B88 /* KarabinerInputBridge.swift in Sources */,
				A59D789DF86E4DB11A121332 /* KeyboardMappingSettings.swift in Sources */,
				A24AB58487D28B09DD450DCC /* LibraryView.swift in Sources */,
				A84556531E6AA0C83BF90944 /* LoopbackPortAllocator.swift in Sources */,
				FA112881CC9C514074BFC9B2 /* MachineDetailView.swift in Sources */,
				7E411FE748C58D183A072BC1 /* MachineDisplayView.swift in Sources */,
				E8D9AEFFE6C0A80C1760B40B /* MachineEmptyView.swift in Sources */,
				15654EF61E6FC2498825FDC8 /* MachineRuntime.swift in Sources */,
				5F8915C5582CD37861B19ACE /* NewMachineView.swift in Sources */,
				1CE3E7FC275EBFB5412D809C /* QEMUMachineDisplayView.swift in Sources */,
				CA35A66CE7597FE74FC55417 /* QEMUMachineRuntime.swift in Sources */,
				658ADFE96F5C96B18AB2B905 /* RootView.swift in Sources */,
				E65C5B0273A8A2DD186DBD72 /* SPICEConnectionController.swift in Sources */,
				20592E04DFF0E019557F5845 /* SPICEMachineDisplayView.swift in Sources */,
				3C1E9AA994561003422080B8 /* SettingsView.swift in Sources */,
				6B49807EED647873B2D4CA56 /* SidebarView.swift in Sources */,
				F169E7A02042CFE4DC3E2457 /* SimpleVMApp.swift in Sources */,
				0CBBA8FF5EDAA1F5B5736835 /* TCPPortForwarder.swift in Sources */,
			);
			runOnlyForDeploymentPostprocessing = 0;
		};
/* End PBXSourcesBuildPhase section */

/* Begin PBXTargetDependency section */
		17639031667EE205AFC9C179 /* PBXTargetDependency */ = {
			isa = PBXTargetDependency;
			target = 15B058062B1F990F3AD3CDAA /* SimpleVM */;
			targetProxy = BD09EA73C9B0C047060C5D88 /* PBXContainerItemProxy */;
		};
		B93D4D78C5485E76ABE67BD5 /* PBXTargetDependency */ = {
			isa = PBXTargetDependency;
			target = C8B48B3F90729BCCC7F63533 /* UTMQEMULauncher */;
			targetProxy = A62920906D585FC7433CED43 /* PBXContainerItemProxy */;
		};
		C3ED4604E6DCFB097AEFB383 /* PBXTargetDependency */ = {
			isa = PBXTargetDependency;
			target = 15B058062B1F990F3AD3CDAA /* SimpleVM */;
			targetProxy = 7FC5EBD7E085944B3CA87B16 /* PBXContainerItemProxy */;
		};
/* End PBXTargetDependency section */

/* Begin XCBuildConfiguration section */
		003898CFC3CB14DFBEA598B0 /* Release */ = {
			isa = XCBuildConfiguration;
			buildSettings = {
				CODE_SIGN_ENTITLEMENTS = Config/UTMQEMULauncher.entitlements;
				CODE_SIGN_IDENTITY = "Apple Development";
				CODE_SIGN_STYLE = Automatic;
				COMBINE_HIDPI_IMAGES = YES;
				DEVELOPMENT_TEAM = C8Y523R7T5;
				ENABLE_HARDENED_RUNTIME = YES;
				FRAMEWORK_SEARCH_PATHS = (
					"$(inherited)",
					"\"/Applications/UTM.app/Contents/Frameworks\"",
				);
				LD_RUNPATH_SEARCH_PATHS = (
					"$(inherited)",
					/Applications/UTM.app/Contents/Frameworks,
				);
				PRODUCT_BUNDLE_IDENTIFIER = "com.simplevm.utm-qemu-launcher";
				PRODUCT_NAME = UTMQEMULauncher;
				SDKROOT = macosx;
			};
			name = Release;
		};
		02B69A202E365BC5A730F605 /* Release */ = {
			isa = XCBuildConfiguration;
			buildSettings = {
				ASSETCATALOG_COMPILER_APPICON_NAME = AppIcon;
				CODE_SIGN_ENTITLEMENTS = Config/SimpleVM.entitlements;
				CODE_SIGN_IDENTITY = "Apple Development";
				CODE_SIGN_STYLE = Automatic;
				COMBINE_HIDPI_IMAGES = YES;
				CURRENT_PROJECT_VERSION = 1;
				DEVELOPMENT_TEAM = C8Y523R7T5;
				ENABLE_DEBUG_DYLIB = NO;
				ENABLE_HARDENED_RUNTIME = YES;
				FRAMEWORK_SEARCH_PATHS = (
					"$(inherited)",
					"\"/Applications/UTM.app/Contents/Frameworks\"",
				);
				GENERATE_INFOPLIST_FILE = YES;
				INFOPLIST_KEY_CFBundleDisplayName = SimpleVM;
				INFOPLIST_KEY_LSApplicationCategoryType = "public.app-category.developer-tools";
				INFOPLIST_KEY_NSHumanReadableCopyright = "";
				LD_RUNPATH_SEARCH_PATHS = (
					"$(inherited)",
					"@executable_path/../Frameworks",
					/Applications/UTM.app/Contents/Frameworks,
				);
				MARKETING_VERSION = 0.1.0;
				PRODUCT_BUNDLE_IDENTIFIER = com.simplevm.app;
				PRODUCT_NAME = SimpleVM;
				SDKROOT = macosx;
			};
			name = Release;
		};
		1507EE073CB6DE1F575CA982 /* Debug */ = {
			isa = XCBuildConfiguration;
			buildSettings = {
				CODE_SIGN_ENTITLEMENTS = Config/UTMQEMULauncher.entitlements;
				CODE_SIGN_IDENTITY = "Apple Development";
				CODE_SIGN_STYLE = Automatic;
				COMBINE_HIDPI_IMAGES = YES;
				DEVELOPMENT_TEAM = C8Y523R7T5;
				ENABLE_HARDENED_RUNTIME = YES;
				FRAMEWORK_SEARCH_PATHS = (
					"$(inherited)",
					"\"/Applications/UTM.app/Contents/Frameworks\"",
				);
				LD_RUNPATH_SEARCH_PATHS = (
					"$(inherited)",
					/Applications/UTM.app/Contents/Frameworks,
				);
				PRODUCT_BUNDLE_IDENTIFIER = "com.simplevm.utm-qemu-launcher";
				PRODUCT_NAME = UTMQEMULauncher;
				SDKROOT = macosx;
			};
			name = Debug;
		};
		350B8B6B923AB693B39CE2F2 /* Debug */ = {
			isa = XCBuildConfiguration;
			buildSettings = {
				ASSETCATALOG_COMPILER_APPICON_NAME = AppIcon;
				CODE_SIGN_ENTITLEMENTS = Config/SimpleVM.entitlements;
				CODE_SIGN_IDENTITY = "Apple Development";
				CODE_SIGN_STYLE = Automatic;
				COMBINE_HIDPI_IMAGES = YES;
				CURRENT_PROJECT_VERSION = 1;
				DEVELOPMENT_TEAM = C8Y523R7T5;
				ENABLE_DEBUG_DYLIB = NO;
				ENABLE_HARDENED_RUNTIME = YES;
				FRAMEWORK_SEARCH_PATHS = (
					"$(inherited)",
					"\"/Applications/UTM.app/Contents/Frameworks\"",
				);
				GENERATE_INFOPLIST_FILE = YES;
				INFOPLIST_KEY_CFBundleDisplayName = SimpleVM;
				INFOPLIST_KEY_LSApplicationCategoryType = "public.app-category.developer-tools";
				INFOPLIST_KEY_NSHumanReadableCopyright = "";
				LD_RUNPATH_SEARCH_PATHS = (
					"$(inherited)",
					"@executable_path/../Frameworks",
					/Applications/UTM.app/Contents/Frameworks,
				);
				MARKETING_VERSION = 0.1.0;
				PRODUCT_BUNDLE_IDENTIFIER = com.simplevm.app;
				PRODUCT_NAME = SimpleVM;
				SDKROOT = macosx;
			};
			name = Debug;
		};
		8804117046BC1F1F7E6FC03F /* Release */ = {
			isa = XCBuildConfiguration;
			buildSettings = {
				ALWAYS_SEARCH_USER_PATHS = NO;
				CLANG_ANALYZER_NONNULL = YES;
				CLANG_ANALYZER_NUMBER_OBJECT_CONVERSION = YES_AGGRESSIVE;
				CLANG_CXX_LANGUAGE_STANDARD = "gnu++14";
				CLANG_CXX_LIBRARY = "libc++";
				CLANG_ENABLE_MODULES = YES;
				CLANG_ENABLE_OBJC_ARC = YES;
				CLANG_ENABLE_OBJC_WEAK = YES;
				CLANG_WARN_BLOCK_CAPTURE_AUTORELEASING = YES;
				CLANG_WARN_BOOL_CONVERSION = YES;
				CLANG_WARN_COMMA = YES;
				CLANG_WARN_CONSTANT_CONVERSION = YES;
				CLANG_WARN_DEPRECATED_OBJC_IMPLEMENTATIONS = YES;
				CLANG_WARN_DIRECT_OBJC_ISA_USAGE = YES_ERROR;
				CLANG_WARN_DOCUMENTATION_COMMENTS = YES;
				CLANG_WARN_EMPTY_BODY = YES;
				CLANG_WARN_ENUM_CONVERSION = YES;
				CLANG_WARN_INFINITE_RECURSION = YES;
				CLANG_WARN_INT_CONVERSION = YES;
				CLANG_WARN_NON_LITERAL_NULL_CONVERSION = YES;
				CLANG_WARN_OBJC_IMPLICIT_RETAIN_SELF = YES;
				CLANG_WARN_OBJC_LITERAL_CONVERSION = YES;
				CLANG_WARN_OBJC_ROOT_CLASS = YES_ERROR;
				CLANG_WARN_QUOTED_INCLUDE_IN_FRAMEWORK_HEADER = YES;
				CLANG_WARN_RANGE_LOOP_ANALYSIS = YES;
				CLANG_WARN_STRICT_PROTOTYPES = YES;
				CLANG_WARN_SUSPICIOUS_MOVE = YES;
				CLANG_WARN_UNGUARDED_AVAILABILITY = YES_AGGRESSIVE;
				CLANG_WARN_UNREACHABLE_CODE = YES;
				CLANG_WARN__DUPLICATE_METHOD_MATCH = YES;
				COPY_PHASE_STRIP = NO;
				DEBUG_INFORMATION_FORMAT = "dwarf-with-dsym";
				ENABLE_NS_ASSERTIONS = NO;
				ENABLE_STRICT_OBJC_MSGSEND = YES;
				GCC_C_LANGUAGE_STANDARD = gnu11;
				GCC_NO_COMMON_BLOCKS = YES;
				GCC_WARN_64_TO_32_BIT_CONVERSION = YES;
				GCC_WARN_ABOUT_RETURN_TYPE = YES_ERROR;
				GCC_WARN_UNDECLARED_SELECTOR = YES;
				GCC_WARN_UNINITIALIZED_AUTOS = YES_AGGRESSIVE;
				GCC_WARN_UNUSED_FUNCTION = YES;
				GCC_WARN_UNUSED_VARIABLE = YES;
				MACOSX_DEPLOYMENT_TARGET = 15.0;
				MTL_ENABLE_DEBUG_INFO = NO;
				MTL_FAST_MATH = YES;
				PRODUCT_NAME = "$(TARGET_NAME)";
				SDKROOT = macosx;
				SWIFT_COMPILATION_MODE = wholemodule;
				SWIFT_OPTIMIZATION_LEVEL = "-O";
				SWIFT_STRICT_CONCURRENCY = complete;
				SWIFT_VERSION = 6.0;
			};
			name = Release;
		};
		A967DAFB895B9899D8ED36E0 /* Release */ = {
			isa = XCBuildConfiguration;
			buildSettings = {
				BUNDLE_LOADER = "$(TEST_HOST)";
				CODE_SIGN_IDENTITY = "Apple Development";
				CODE_SIGN_STYLE = Automatic;
				COMBINE_HIDPI_IMAGES = YES;
				DEVELOPMENT_TEAM = C8Y523R7T5;
				GENERATE_INFOPLIST_FILE = YES;
				LD_RUNPATH_SEARCH_PATHS = (
					"$(inherited)",
					"@executable_path/Frameworks",
					"@loader_path/Frameworks",
				);
				PRODUCT_BUNDLE_IDENTIFIER = "com.simplevm.ui-tests";
				SDKROOT = macosx;
				TEST_TARGET_NAME = SimpleVM;
			};
			name = Release;
		};
		BD6F03D737F7EA22C583F362 /* Debug */ = {
			isa = XCBuildConfiguration;
			buildSettings = {
				ALWAYS_SEARCH_USER_PATHS = NO;
				CLANG_ANALYZER_NONNULL = YES;
				CLANG_ANALYZER_NUMBER_OBJECT_CONVERSION = YES_AGGRESSIVE;
				CLANG_CXX_LANGUAGE_STANDARD = "gnu++14";
				CLANG_CXX_LIBRARY = "libc++";
				CLANG_ENABLE_MODULES = YES;
				CLANG_ENABLE_OBJC_ARC = YES;
				CLANG_ENABLE_OBJC_WEAK = YES;
				CLANG_WARN_BLOCK_CAPTURE_AUTORELEASING = YES;
				CLANG_WARN_BOOL_CONVERSION = YES;
				CLANG_WARN_COMMA = YES;
				CLANG_WARN_CONSTANT_CONVERSION = YES;
				CLANG_WARN_DEPRECATED_OBJC_IMPLEMENTATIONS = YES;
				CLANG_WARN_DIRECT_OBJC_ISA_USAGE = YES_ERROR;
				CLANG_WARN_DOCUMENTATION_COMMENTS = YES;
				CLANG_WARN_EMPTY_BODY = YES;
				CLANG_WARN_ENUM_CONVERSION = YES;
				CLANG_WARN_INFINITE_RECURSION = YES;
				CLANG_WARN_INT_CONVERSION = YES;
				CLANG_WARN_NON_LITERAL_NULL_CONVERSION = YES;
				CLANG_WARN_OBJC_IMPLICIT_RETAIN_SELF = YES;
				CLANG_WARN_OBJC_LITERAL_CONVERSION = YES;
				CLANG_WARN_OBJC_ROOT_CLASS = YES_ERROR;
				CLANG_WARN_QUOTED_INCLUDE_IN_FRAMEWORK_HEADER = YES;
				CLANG_WARN_RANGE_LOOP_ANALYSIS = YES;
				CLANG_WARN_STRICT_PROTOTYPES = YES;
				CLANG_WARN_SUSPICIOUS_MOVE = YES;
				CLANG_WARN_UNGUARDED_AVAILABILITY = YES_AGGRESSIVE;
				CLANG_WARN_UNREACHABLE_CODE = YES;
				CLANG_WARN__DUPLICATE_METHOD_MATCH = YES;
				COPY_PHASE_STRIP = NO;
				DEBUG_INFORMATION_FORMAT = dwarf;
				ENABLE_STRICT_OBJC_MSGSEND = YES;
				ENABLE_TESTABILITY = YES;
				GCC_C_LANGUAGE_STANDARD = gnu11;
				GCC_DYNAMIC_NO_PIC = NO;
				GCC_NO_COMMON_BLOCKS = YES;
				GCC_OPTIMIZATION_LEVEL = 0;
				GCC_PREPROCESSOR_DEFINITIONS = (
					"$(inherited)",
					"DEBUG=1",
				);
				GCC_WARN_64_TO_32_BIT_CONVERSION = YES;
				GCC_WARN_ABOUT_RETURN_TYPE = YES_ERROR;
				GCC_WARN_UNDECLARED_SELECTOR = YES;
				GCC_WARN_UNINITIALIZED_AUTOS = YES_AGGRESSIVE;
				GCC_WARN_UNUSED_FUNCTION = YES;
				GCC_WARN_UNUSED_VARIABLE = YES;
				MACOSX_DEPLOYMENT_TARGET = 15.0;
				MTL_ENABLE_DEBUG_INFO = INCLUDE_SOURCE;
				MTL_FAST_MATH = YES;
				ONLY_ACTIVE_ARCH = YES;
				PRODUCT_NAME = "$(TARGET_NAME)";
				SDKROOT = macosx;
				SWIFT_ACTIVE_COMPILATION_CONDITIONS = DEBUG;
				SWIFT_OPTIMIZATION_LEVEL = "-Onone";
				SWIFT_STRICT_CONCURRENCY = complete;
				SWIFT_VERSION = 6.0;
			};
			name = Debug;
		};
		C968BC692F2DFBBCC427368E /* Debug */ = {
			isa = XCBuildConfiguration;
			buildSettings = {
				BUNDLE_LOADER = "$(TEST_HOST)";
				CODE_SIGN_IDENTITY = "Apple Development";
				CODE_SIGN_STYLE = Automatic;
				COMBINE_HIDPI_IMAGES = YES;
				DEVELOPMENT_TEAM = C8Y523R7T5;
				GENERATE_INFOPLIST_FILE = YES;
				LD_RUNPATH_SEARCH_PATHS = (
					"$(inherited)",
					"@executable_path/Frameworks",
					"@loader_path/Frameworks",
				);
				PRODUCT_BUNDLE_IDENTIFIER = "com.simplevm.ui-tests";
				SDKROOT = macosx;
				TEST_TARGET_NAME = SimpleVM;
			};
			name = Debug;
		};
		E99968CC48F10930F3F86BBA /* Debug */ = {
			isa = XCBuildConfiguration;
			buildSettings = {
				BUNDLE_LOADER = "$(TEST_HOST)";
				CODE_SIGN_IDENTITY = "Apple Development";
				CODE_SIGN_STYLE = Automatic;
				COMBINE_HIDPI_IMAGES = YES;
				DEVELOPMENT_TEAM = C8Y523R7T5;
				GENERATE_INFOPLIST_FILE = YES;
				LD_RUNPATH_SEARCH_PATHS = (
					"$(inherited)",
					"@executable_path/../Frameworks",
					"@loader_path/../Frameworks",
				);
				PRODUCT_BUNDLE_IDENTIFIER = "com.simplevm.app-tests";
				SDKROOT = macosx;
				TEST_HOST = "$(BUILT_PRODUCTS_DIR)/SimpleVM.app/Contents/MacOS/SimpleVM";
			};
			name = Debug;
		};
		F0139E6FD839D55C6B5EC5CE /* Release */ = {
			isa = XCBuildConfiguration;
			buildSettings = {
				BUNDLE_LOADER = "$(TEST_HOST)";
				CODE_SIGN_IDENTITY = "Apple Development";
				CODE_SIGN_STYLE = Automatic;
				COMBINE_HIDPI_IMAGES = YES;
				DEVELOPMENT_TEAM = C8Y523R7T5;
				GENERATE_INFOPLIST_FILE = YES;
				LD_RUNPATH_SEARCH_PATHS = (
					"$(inherited)",
					"@executable_path/../Frameworks",
					"@loader_path/../Frameworks",
				);
				PRODUCT_BUNDLE_IDENTIFIER = "com.simplevm.app-tests";
				SDKROOT = macosx;
				TEST_HOST = "$(BUILT_PRODUCTS_DIR)/SimpleVM.app/Contents/MacOS/SimpleVM";
			};
			name = Release;
		};
/* End XCBuildConfiguration section */

/* Begin XCConfigurationList section */
		09411CC0C4760CEF89D69257 /* Build configuration list for PBXProject "SimpleVM" */ = {
			isa = XCConfigurationList;
			buildConfigurations = (
				BD6F03D737F7EA22C583F362 /* Debug */,
				8804117046BC1F1F7E6FC03F /* Release */,
			);
			defaultConfigurationIsVisible = 0;
			defaultConfigurationName = Debug;
		};
		2193766A75C552FC4D84DBF4 /* Build configuration list for PBXNativeTarget "SimpleVMAppTests" */ = {
			isa = XCConfigurationList;
			buildConfigurations = (
				E99968CC48F10930F3F86BBA /* Debug */,
				F0139E6FD839D55C6B5EC5CE /* Release */,
			);
			defaultConfigurationIsVisible = 0;
			defaultConfigurationName = Debug;
		};
		7EBDC52C60279185D15D7A7C /* Build configuration list for PBXNativeTarget "SimpleVMUITests" */ = {
			isa = XCConfigurationList;
			buildConfigurations = (
				C968BC692F2DFBBCC427368E /* Debug */,
				A967DAFB895B9899D8ED36E0 /* Release */,
			);
			defaultConfigurationIsVisible = 0;
			defaultConfigurationName = Debug;
		};
		E0292BABED08800ECC1A109F /* Build configuration list for PBXNativeTarget "SimpleVM" */ = {
			isa = XCConfigurationList;
			buildConfigurations = (
				350B8B6B923AB693B39CE2F2 /* Debug */,
				02B69A202E365BC5A730F605 /* Release */,
			);
			defaultConfigurationIsVisible = 0;
			defaultConfigurationName = Debug;
		};
		F67271C30D5B2122C3DB2B18 /* Build configuration list for PBXNativeTarget "UTMQEMULauncher" */ = {
			isa = XCConfigurationList;
			buildConfigurations = (
				1507EE073CB6DE1F575CA982 /* Debug */,
				003898CFC3CB14DFBEA598B0 /* Release */,
			);
			defaultConfigurationIsVisible = 0;
			defaultConfigurationName = Debug;
		};
/* End XCConfigurationList section */

/* Begin XCLocalSwiftPackageReference section */
		01CC36DFFFEF60387F0D43E1 /* XCLocalSwiftPackageReference "Packages/SimpleVMCore" */ = {
			isa = XCLocalSwiftPackageReference;
			relativePath = Packages/SimpleVMCore;
		};
		F605FE031321EDE79D542E0A /* XCLocalSwiftPackageReference "Packages/CocoaSpice" */ = {
			isa = XCLocalSwiftPackageReference;
			relativePath = Packages/CocoaSpice;
		};
/* End XCLocalSwiftPackageReference section */

/* Begin XCSwiftPackageProductDependency section */
		4431965DBEACBD8427BF0413 /* SimpleVMCore */ = {
			isa = XCSwiftPackageProductDependency;
			productName = SimpleVMCore;
		};
		793FE81581C6AD27F34E2119 /* CocoaSpiceNoUsb */ = {
			isa = XCSwiftPackageProductDependency;
			productName = CocoaSpiceNoUsb;
		};
		8B4DA1DDD021526302779E3B /* SimpleVMCore */ = {
			isa = XCSwiftPackageProductDependency;
			productName = SimpleVMCore;
		};
/* End XCSwiftPackageProductDependency section */
	};
	rootObject = 65171F2FEA33339691B6818A /* Project object */;
}
